
Microsoft Visual Studio Solution File, Format Version 12.00
# Visual Studio Version 16
VisualStudioVersion = 25.0.1703.0
MinimumVisualStudioVersion = 10.0.40219.1
Project("{FAE04EC0-301F-11D3-BF4B-00C04F79EFBC}") = "Crime_Analyzer", "Crime_Analyzer\Crime_Analyzer.csproj", "{744DC6EF-F533-4E7B-BF7D-BCA43AF97FBC}"
EndProject
Global
	GlobalSection(SolutionConfigurationPlatforms) = preSolution
		Debug|Any CPU = Debug|Any CPU
		Release|Any CPU = Release|Any CPU
	EndGlobalSection
	GlobalSection(ProjectConfigurationPlatforms) = postSolution
		{744DC6EF-F533-4E7B-BF7D-BCA43AF97FBC}.Debug|Any CPU.ActiveCfg = Debug|Any CPU
		{744DC6EF-F533-4E7B-BF7D-BCA43AF97FBC}.Debug|Any CPU.Build.0 = Debug|Any CPU
		{744DC6EF-F533-4E7B-BF7D-BCA43AF97FBC}.Release|Any CPU.ActiveCfg = Release|Any CPU
		{744DC6EF-F533-4E7B-BF7D-BCA43AF97FBC}.Release|Any CPU.Build.0 = Release|Any CPU
	EndGlobalSection
	GlobalSection(SolutionProperties) = preSolution
		HideSolutionNode = FALSE
	EndGlobalSection
	GlobalSection(ExtensibilityGlobals) = postSolution
		SolutionGuid = {6FE442B0-7803-4F9E-95E9-C16107269124}
	EndGlobalSection
EndGlobal
