
Microsoft Visual Studio Solution File, Format Version 12.00
# Visual Studio Version 16
VisualStudioVersion = 25.0.1703.0
MinimumVisualStudioVersion = 10.0.40219.1
Project("{FAE04EC0-301F-11D3-BF4B-00C04F79EFBC}") = "MidtermProject", "MidtermProject\MidtermProject.csproj", "{01A45F98-BA58-48F0-9302-42313876FFCD}"
EndProject
Global
	GlobalSection(SolutionConfigurationPlatforms) = preSolution
		Debug|Any CPU = Debug|Any CPU
		Release|Any CPU = Release|Any CPU
	EndGlobalSection
	GlobalSection(ProjectConfigurationPlatforms) = postSolution
		{01A45F98-BA58-48F0-9302-42313876FFCD}.Debug|Any CPU.ActiveCfg = Debug|Any CPU
		{01A45F98-BA58-48F0-9302-42313876FFCD}.Debug|Any CPU.Build.0 = Debug|Any CPU
		{01A45F98-BA58-48F0-9302-42313876FFCD}.Release|Any CPU.ActiveCfg = Release|Any CPU
		{01A45F98-BA58-48F0-9302-42313876FFCD}.Release|Any CPU.Build.0 = Release|Any CPU
	EndGlobalSection
	GlobalSection(SolutionProperties) = preSolution
		HideSolutionNode = FALSE
	EndGlobalSection
	GlobalSection(ExtensibilityGlobals) = postSolution
		SolutionGuid = {366DB11F-1CCC-471B-96AF-185EFC6910F5}
	EndGlobalSection
EndGlobal
