
Microsoft Visual Studio Solution File, Format Version 12.00
# Visual Studio Version 16
VisualStudioVersion = 25.0.1704.0
MinimumVisualStudioVersion = 10.0.40219.1
Project("{FAE04EC0-301F-11D3-BF4B-00C04F79EFBC}") = "Analyze_Music_Projectv2", "Analyze_Music_Projectv2\Analyze_Music_Projectv2.csproj", "{45DEC5DE-6F5E-4630-9F40-4D4470A87743}"
EndProject
Global
	GlobalSection(SolutionConfigurationPlatforms) = preSolution
		Debug|Any CPU = Debug|Any CPU
		Release|Any CPU = Release|Any CPU
	EndGlobalSection
	GlobalSection(ProjectConfigurationPlatforms) = postSolution
		{45DEC5DE-6F5E-4630-9F40-4D4470A87743}.Debug|Any CPU.ActiveCfg = Debug|Any CPU
		{45DEC5DE-6F5E-4630-9F40-4D4470A87743}.Debug|Any CPU.Build.0 = Debug|Any CPU
		{45DEC5DE-6F5E-4630-9F40-4D4470A87743}.Release|Any CPU.ActiveCfg = Release|Any CPU
		{45DEC5DE-6F5E-4630-9F40-4D4470A87743}.Release|Any CPU.Build.0 = Release|Any CPU
	EndGlobalSection
	GlobalSection(SolutionProperties) = preSolution
		HideSolutionNode = FALSE
	EndGlobalSection
	GlobalSection(ExtensibilityGlobals) = postSolution
		SolutionGuid = {42F92CD1-5B6F-48E7-81A7-E955D94557E7}
	EndGlobalSection
EndGlobal
